{
    "_readme": [
        "This file locks the dependencies of your project to a known state",
        "Read more about it at https://getcomposer.org/doc/01-basic-usage.md#composer-lock-the-lock-file",
        "This file is @generated automatically"
    ],
    "content-hash": "a489832e9a0a4d4268b5bb3f7d08ed05",
    "packages": [
        {
            "name": "xmlscript/http",
            "version": "dev-master",
            "source": {
                "type": "git",
                "url": "https://github.com/xmlscript/http.git",
                "reference": "61064054661025fde568342a5ee59dfa06ef7a16"
            },
            "dist": {
                "type": "zip",
                "url": "https://files.phpcomposer.com/files/xmlscript/http/61064054661025fde568342a5ee59dfa06ef7a16.zip",
                "reference": "61064054661025fde568342a5ee59dfa06ef7a16",
                "shasum": ""
            },
            "require": {
                "php": ">=7.1"
            },
            "type": "library",
            "autoload": {
                "psr-4": {
                    "http\\": ""
                }
            },
            "notification-url": "https://packagist.org/downloads/",
            "license": [
                "MIT"
            ],
            "authors": [
                {
                    "name": "xmlscript",
                    "email": "xmlscript@gmail.com"
                }
            ],
            "description": "http",
            "time": "2018-04-23T09:25:32+00:00"
        }
    ],
    "packages-dev": [],
    "aliases": [],
    "minimum-stability": "dev",
    "stability-flags": {
        "xmlscript/http": 20
    },
    "prefer-stable": false,
    "prefer-lowest": false,
    "platform": [],
    "platform-dev": []
}
