{
    "_readme": [
        "This file locks the dependencies of your project to a known state",
        "Read more about it at https://getcomposer.org/doc/01-basic-usage.md#composer-lock-the-lock-file",
        "This file is @generated automatically"
    ],
    "content-hash": "217728acdfcf20191b170feb95b5c531",
    "packages": [
        {
            "name": "xmlscript/tag",
            "version": "dev-master",
            "source": {
                "type": "git",
                "url": "https://github.com/xmlscript/tag.git",
                "reference": "9cdb80f227c208fd9c9e239df1e53283c6e5072f"
            },
            "dist": {
                "type": "zip",
                "url": "https://files.phpcomposer.com/files/xmlscript/tag/9cdb80f227c208fd9c9e239df1e53283c6e5072f.zip",
                "reference": "9cdb80f227c208fd9c9e239df1e53283c6e5072f",
                "shasum": ""
            },
            "require": {
                "php": ">=7.1"
            },
            "type": "library",
            "autoload": {
                "psr-4": {
                    "tag\\": ""
                }
            },
            "notification-url": "https://packagist.org/downloads/",
            "license": [
                "MIT"
            ],
            "authors": [
                {
                    "name": "xmlscript",
                    "email": "xmlscript@gmail.com"
                }
            ],
            "description": "html tag",
            "time": "2018-04-23T08:01:40+00:00"
        }
    ],
    "packages-dev": [],
    "aliases": [],
    "minimum-stability": "dev",
    "stability-flags": {
        "xmlscript/tag": 20
    },
    "prefer-stable": false,
    "prefer-lowest": false,
    "platform": [],
    "platform-dev": []
}
