{
    "_readme": [
        "This file locks the dependencies of your project to a known state",
        "Read more about it at https://getcomposer.org/doc/01-basic-usage.md#composer-lock-the-lock-file",
        "This file is @generated automatically"
    ],
    "content-hash": "85193b922d1934458983bf7b616d95a3",
    "packages": [
        {
            "name": "xmlscript/cb",
            "version": "dev-master",
            "source": {
                "type": "git",
                "url": "https://github.com/xmlscript/cb.git",
                "reference": "16d6266b6d16cf9777a49273a00f098face450d7"
            },
            "dist": {
                "type": "zip",
                "url": "https://files.phpcomposer.com/files/xmlscript/cb/16d6266b6d16cf9777a49273a00f098face450d7.zip",
                "reference": "16d6266b6d16cf9777a49273a00f098face450d7",
                "shasum": ""
            },
            "require": {
                "xmlscript/srv": "master-dev"
            },
            "type": "library",
            "autoload": {
                "psr-4": {
                    "cb\\": ""
                }
            },
            "notification-url": "https://packagist.org/downloads/",
            "license": [
                "MIT"
            ],
            "authors": [
                {
                    "name": "xmlscript",
                    "email": "xmlscript@gmail.com"
                }
            ],
            "time": "2018-04-23T10:24:49+00:00"
        },
        {
            "name": "xmlscript/http",
            "version": "dev-master",
            "source": {
                "type": "git",
                "url": "https://github.com/xmlscript/http.git",
                "reference": "61064054661025fde568342a5ee59dfa06ef7a16"
            },
            "dist": {
                "type": "zip",
                "url": "https://files.phpcomposer.com/files/xmlscript/http/61064054661025fde568342a5ee59dfa06ef7a16.zip",
                "reference": "61064054661025fde568342a5ee59dfa06ef7a16",
                "shasum": ""
            },
            "require": {
                "php": ">=7.1"
            },
            "type": "library",
            "autoload": {
                "psr-4": {
                    "http\\": ""
                }
            },
            "notification-url": "https://packagist.org/downloads/",
            "license": [
                "MIT"
            ],
            "authors": [
                {
                    "name": "xmlscript",
                    "email": "xmlscript@gmail.com"
                }
            ],
            "description": "http",
            "time": "2018-04-23T09:25:32+00:00"
        },
        {
            "name": "xmlscript/mp",
            "version": "dev-master",
            "source": {
                "type": "git",
                "url": "https://github.com/xmlscript/mp.git",
                "reference": "9ad3a9179aa7a1478ed65a4535103fccb2b99b5f"
            },
            "dist": {
                "type": "zip",
                "url": "https://files.phpcomposer.com/files/xmlscript/mp/9ad3a9179aa7a1478ed65a4535103fccb2b99b5f.zip",
                "reference": "9ad3a9179aa7a1478ed65a4535103fccb2b99b5f",
                "shasum": ""
            },
            "require": {
                "xmlscript/http": "dev-master"
            },
            "type": "library",
            "autoload": {
                "psr-4": {
                    "mp\\": ""
                }
            },
            "notification-url": "https://packagist.org/downloads/",
            "license": [
                "MIT"
            ],
            "authors": [
                {
                    "name": "xmlscript",
                    "email": "xmlscript@gmail.com"
                }
            ],
            "description": "mp",
            "time": "2018-04-23T10:33:16+00:00"
        },
        {
            "name": "xmlscript/srv",
            "version": "dev-master",
            "source": {
                "type": "git",
                "url": "https://github.com/xmlscript/srv.git",
                "reference": "e3de329130104bea02cb1d0adb905b004685f711"
            },
            "dist": {
                "type": "zip",
                "url": "https://files.phpcomposer.com/files/xmlscript/srv/e3de329130104bea02cb1d0adb905b004685f711.zip",
                "reference": "e3de329130104bea02cb1d0adb905b004685f711",
                "shasum": ""
            },
            "require": {
                "php": ">=7.1"
            },
            "type": "library",
            "autoload": {
                "psr-4": {
                    "srv\\": ""
                }
            },
            "notification-url": "https://packagist.org/downloads/",
            "license": [
                "MIT"
            ],
            "authors": [
                {
                    "name": "xmlscript",
                    "email": "xmlscript@gmail.com"
                }
            ],
            "description": "rest wrapper",
            "time": "2018-04-23T09:32:12+00:00"
        }
    ],
    "packages-dev": [],
    "aliases": [],
    "minimum-stability": "dev",
    "stability-flags": {
        "xmlscript/cb": 20,
        "xmlscript/mp": 20
    },
    "prefer-stable": false,
    "prefer-lowest": false,
    "platform": [],
    "platform-dev": []
}
